
Microsoft Visual Studio Solution File, Format Version 12.00
# Visual Studio Version 16
VisualStudioVersion = 16.0.30225.117
MinimumVisualStudioVersion = 10.0.40219.1
Project("{FAE04EC0-301F-11D3-BF4B-00C04F79EFBC}") = "Conversao", "Conversao\Conversao.csproj", "{F220BEB9-C7E1-461B-868F-61457CC72610}"
EndProject
Global
	GlobalSection(SolutionConfigurationPlatforms) = preSolution
		Debug|Any CPU = Debug|Any CPU
		Release|Any CPU = Release|Any CPU
	EndGlobalSection
	GlobalSection(ProjectConfigurationPlatforms) = postSolution
		{F220BEB9-C7E1-461B-868F-61457CC72610}.Debug|Any CPU.ActiveCfg = Debug|Any CPU
		{F220BEB9-C7E1-461B-868F-61457CC72610}.Debug|Any CPU.Build.0 = Debug|Any CPU
		{F220BEB9-C7E1-461B-868F-61457CC72610}.Release|Any CPU.ActiveCfg = Release|Any CPU
		{F220BEB9-C7E1-461B-868F-61457CC72610}.Release|Any CPU.Build.0 = Release|Any CPU
	EndGlobalSection
	GlobalSection(SolutionProperties) = preSolution
		HideSolutionNode = FALSE
	EndGlobalSection
	GlobalSection(ExtensibilityGlobals) = postSolution
		SolutionGuid = {A084A738-54FA-4104-9BC3-7B4DD605AC52}
	EndGlobalSection
EndGlobal
